
Microsoft Visual Studio Solution File, Format Version 12.00
# Visual Studio Version 17
VisualStudioVersion = 17.3.32819.101
MinimumVisualStudioVersion = 10.0.40219.1
Project("{FAE04EC0-301F-11D3-BF4B-00C04F79EFBC}") = "WinFormsApp2", "WinFormsApp2.csproj", "{A430B5B0-C39A-4378-8EE1-B11D64AE53AF}"
EndProject
Global
	GlobalSection(SolutionConfigurationPlatforms) = preSolution
		Debug|Any CPU = Debug|Any CPU
		Release|Any CPU = Release|Any CPU
	EndGlobalSection
	GlobalSection(ProjectConfigurationPlatforms) = postSolution
		{A430B5B0-C39A-4378-8EE1-B11D64AE53AF}.Debug|Any CPU.ActiveCfg = Debug|Any CPU
		{A430B5B0-C39A-4378-8EE1-B11D64AE53AF}.Debug|Any CPU.Build.0 = Debug|Any CPU
		{A430B5B0-C39A-4378-8EE1-B11D64AE53AF}.Release|Any CPU.ActiveCfg = Release|Any CPU
		{A430B5B0-C39A-4378-8EE1-B11D64AE53AF}.Release|Any CPU.Build.0 = Release|Any CPU
	EndGlobalSection
	GlobalSection(SolutionProperties) = preSolution
		HideSolutionNode = FALSE
	EndGlobalSection
	GlobalSection(ExtensibilityGlobals) = postSolution
		SolutionGuid = {CC420176-2932-40EB-95FD-D9FF2A17121F}
	EndGlobalSection
EndGlobal
